
Microsoft Visual Studio Solution File, Format Version 12.00
# Visual Studio Version 17
VisualStudioVersion = 17.13.35828.75 d17.13
MinimumVisualStudioVersion = 10.0.40219.1
Project("{FAE04EC0-301F-11D3-BF4B-00C04F79EFBC}") = "Cefform", "Cefform\Cefform.csproj", "{65F9DD0B-70D7-410A-A289-93E04255DA5C}"
EndProject
Global
	GlobalSection(SolutionConfigurationPlatforms) = preSolution
		Debug|Any CPU = Debug|Any CPU
		Release|Any CPU = Release|Any CPU
	EndGlobalSection
	GlobalSection(ProjectConfigurationPlatforms) = postSolution
		{65F9DD0B-70D7-410A-A289-93E04255DA5C}.Debug|Any CPU.ActiveCfg = Debug|Any CPU
		{65F9DD0B-70D7-410A-A289-93E04255DA5C}.Debug|Any CPU.Build.0 = Debug|Any CPU
		{65F9DD0B-70D7-410A-A289-93E04255DA5C}.Release|Any CPU.ActiveCfg = Release|Any CPU
		{65F9DD0B-70D7-410A-A289-93E04255DA5C}.Release|Any CPU.Build.0 = Release|Any CPU
	EndGlobalSection
	GlobalSection(SolutionProperties) = preSolution
		HideSolutionNode = FALSE
	EndGlobalSection
	GlobalSection(ExtensibilityGlobals) = postSolution
		SolutionGuid = {70D7C95E-DA90-4E48-9056-3FCE5A9604BD}
	EndGlobalSection
EndGlobal
